# Authenticated full CPython 3.13 GIL Linux x86_64 release closure.
# Runtime dependencies only; build bootstrap (build/setuptools/pyproject-hooks) is validated separately.
# Install with --no-index --find-links <wheelhouse> --require-hashes.
annotated-types==0.8.0 --hash=sha256:f072f4d804ea359e4eaf198b1af7a8b0943881a87f31bb764f8bf219bb9419e0
anyio==4.15.1 --hash=sha256:6152fdbbf9a77fdec97731721bebf7c4c44f7c29b424b0065826173efc7ed101
attrs==26.1.0 --hash=sha256:c647aa4a12dfbad9333ca4e71fe62ddc36f4e63b2d260a37a8b83d2f043ac309
av==18.1.0 --hash=sha256:8a032e8d8ebc73dec079364b9b4a6837638a2d106e8472314e685ffbf163e700
certifi==2026.7.22 --hash=sha256:62f22742b58a1a33014a2b6b706588a8d7e2a88ae7bd1a6ebe8c992928483775
cffi==2.1.1 --hash=sha256:a931079504ecc49efed7744c476a5c343a92fabf66dec2db95edb1b2fdc770e2
charset-normalizer==3.5.1 --hash=sha256:62b55f6722735a6c472f88361cde6640608773d9443cebdbb51abf436a1fcdd3
click==8.5.0 --hash=sha256:255bc9599cf7748b4b1a446ccc735421bd08a2ae529a8b88597d3de5664ee360
cryptography==50.0.1 --hash=sha256:51afcfceb15597cf2635068e4ac9a56b2abde622edde17f37d85fd7b5306497a
ctranslate2==4.8.2 --hash=sha256:633f19d1ff8d053a8b179ca742b242002ac7882a2ab44e319c6efcde27d586a4
fastembed==0.8.0 --hash=sha256:40bee672657574a1009e35ec50030a55f2b426842cb011845379817641bbbbd0
faster-whisper==1.2.1 --hash=sha256:79a66ad50688c0b794dd501dc340a736992a6342f7f95e5811be60b5224a26a7
filelock==4.0.1 --hash=sha256:481a321a27bef441e23c53371c6abc8d7d16e26b97090074ba44f7538a3fd55a
flatbuffers==25.12.19 --hash=sha256:7634f50c427838bb021c2d66a3d1168e9d199b0607e6329399f04846d42e20b4
fsspec==2026.9.0 --hash=sha256:8dd6e646e99ea382bd85f97a45e6b526a442d79423a7dc673f1e2756d05fcb5f
h11==0.16.0 --hash=sha256:63cf8bbe7522de3bf65932fda1d9c2772064ffb3dae62d55932da54b31cb6c86
hf-xet==1.6.0 --hash=sha256:d62671bb130879cef0ee4c9ebe47a14af6c66ec53e6d84dc15936e5ffdfac82f
httpcore==1.0.9 --hash=sha256:2d400746a40668fc9dec9810239072b40b4484b640a8c38fd654a024c7a1bf55
httpx==0.28.1 --hash=sha256:d909fcccc110f8c7faf814ca82a9a4d816bc5a6dbfea25d6591d6985b8ba59ad
httpx-sse==0.4.3 --hash=sha256:0ac1c9fe3c0afad2e0ebb25a934a59f4c7823b60792691f779fad2c5568830fc
huggingface-hub==1.32.0 --hash=sha256:b0c7c80561969d9cdacdd55fce67ba9584cca0b9d4ea80957a3a5c1445fac5c8
idna==3.20 --hash=sha256:ab7ae7122974553370f0bdb919e1a960b2cd1bc1ef0276416d896db81c14582c
jsonschema==4.26.0 --hash=sha256:d489f15263b8d200f8387e64b4c3a75f06629559fb73deb8fdfb525f2dab50ce
jsonschema-specifications==2025.9.1 --hash=sha256:98802fee3a11ee76ecaca44429fda8a41bff98b00a0f2838151b113f210cc6fe
loguru==0.7.3 --hash=sha256:31a33c10c8e1e10422bfd431aeb5d351c7cf7fa671e3c4df004162264b28220c
markdown-it-py==4.2.0 --hash=sha256:9f7ebbcd14fe59494226453aed97c1070d83f8d24b6fc3a3bcf9a38092641c4a
mcp==1.29.0 --hash=sha256:f5a075bb611f23d6f4d080c6a1699fa62772eebc562ba9e66b306ddde1c755f7
mdurl==0.1.2 --hash=sha256:84008a41e51615a49fc9966191ff91509e3c40b939176e643fd50a5c2196b8f8
mmh3==5.3.0 --hash=sha256:4a19b00097fcc8e3008bb006cd6bfaf0544e9fa2abc4cc77fbad57971a37dcc0
numpy==2.5.3 --hash=sha256:a5fa86b80fd24bcd1aff83ad23be44ea323de3f787be8f8b15d4a65621e25321
onnxruntime==1.30.0 --hash=sha256:86f940afc801ea9681a4da8af84fbe95e1d9ea7d80903952cc1bfad54faad38f
packaging==26.3 --hash=sha256:d7193f7c8e4e93f444fde0262bf90af30e16fa0ad0ad44cb553c87339b23cd1c
pdfminer-six==20260107 --hash=sha256:366585ba97e80dffa8f00cebe303d2f381884d8637af4ce422f1df3ef38111a9
pillow==12.3.0 --hash=sha256:0847a763afefb695bc912d7c131e7e0632d4edc1d8698f58ddabec8e46b8b6d3
pip==26.2.1 --hash=sha256:71138adf1f4ca900cdb7d289c21b7494329f2332b6d85f0e1c42108c0384ed3e
protobuf==7.36.2 --hash=sha256:89f23aa53c24553a2416fd4fd1ec06f74fa42b14b546d8883128813f775bbfd2
py-rust-stemmers==0.1.8 --hash=sha256:5cc8fab9d0f1b274a26935a632362b8278f03e81b65e8b8644d5ca3f62a5a1a4
pycparser==3.0 --hash=sha256:b727414169a36b7d524c1c3e31839a521725078d7b2ff038656844266160a992
pydantic==2.13.5 --hash=sha256:346a034f080da3755d8e9cb5e00e8b07de1d39e4f6e2c87d8ab7cafa0b269a73
pydantic-core==2.46.5 --hash=sha256:6f7b393a8b3da82f5c1fc0751e6d01ac6c55b93c18226a60bdfba4a724efafd1
pydantic-settings==2.15.0 --hash=sha256:0ba092c291c94baceb5eff768aa0d56400a457585bc0175925a5a5510303da42
pygments==2.21.0 --hash=sha256:2363c69b61c4a97c838da3b130dcd6468f4848992b21a82f2a63ec34377137d9
pyjwt==2.14.0 --hash=sha256:ad0cef71c756a56e74863c2919cf0985f72decbcfcb550ee2f422e7c62b5eedc
pymupdf==1.28.2 --hash=sha256:397d6715c1f0df7548a92d0afd8ce370fc48fa47aeefac16be2bc04a16a8227f
pytesseract==0.3.13 --hash=sha256:7a99c6c2ac598360693d83a416e36e0b33a67638bb9d77fdcac094a3589d4b34
python-dotenv==1.2.3 --hash=sha256:904552145e8bfed22162c09dab1c2b9b54fefa7b23ba780f4f26ca0316b0f0d9
python-multipart==0.0.32 --hash=sha256:ff6d3f776f16878c894e52e107296ffc890e913c611b1a4ec6c44e2821fe2e23
pyyaml==6.0.3 --hash=sha256:0f29edc409a6392443abf94b9cf89ce99889a1dd5376d94316ae5145dfedd5d6
referencing==0.37.0 --hash=sha256:381329a9f99628c9069361716891d34ad94af76e461dcb0335825aecc7692231
requests==2.34.2 --hash=sha256:2a0d60c172f83ac6ab31e4554906c0f3b3588d37b5cb939b1c061f4907e278e0
rich==15.0.0 --hash=sha256:33bd4ef74232fb73fe9279a257718407f169c09b78a87ad3d296f548e27de0bb
rpds-py==2026.6.3 --hash=sha256:acac386b453c2516111b50985d60ce46e7fadb5ea71ae7b25f4c946935bf27cf
sse-starlette==3.4.11 --hash=sha256:c7b2244bdff016fe7f64e10075e89a3e6bbf899649cc89b0fe884b5545042453
starlette==1.6.0 --hash=sha256:a86dd39d14bb45f85a3d18525215a9ef0cfd1f192ac793220e72598c90335f0c
threadpoolctl==3.7.0 --hash=sha256:cd8b60b5641b45c67bbf73c64c843235fc2d8a480c87389f52f5dbee893b86be
tokenizers==0.23.2 --hash=sha256:41c2f84d172449b4dadb9cdc508e3e364076613c35b16e76ecfe47a60d1e3305
tqdm==4.70.1 --hash=sha256:c293e525e6fef9c20e8728fd4612df02a0aa31bb5fe91ecd93e123b1b7bffa73
typing-extensions==4.16.0 --hash=sha256:481caa481374e813c1b176ada14e97f1f67a4539ce9cfeb3f350d78d6370c2e8
typing-inspection==0.4.4 --hash=sha256:65b8397ba37ccbce054456aaccddfc91e6e3083c92824df348d96ca832f3f147
urllib3==2.8.0 --hash=sha256:0cf3cae568d36aa9576b28dfb35f11328f1cb974ca7647d9475ebb86c75ac6e3
uvicorn==0.53.0 --hash=sha256:e8dca71ec86dce5f04e333f0d56cdedf942446e6643b9cea1af0d6d3a02cb03e
