# Fully resolved Linux CPython 3.14 product runtime lock.
# Development analyzers and release-managed tool runtimes are intentionally
# excluded; they are executed separately from tools/tests when needed.
# Regenerate deliberately when the product dependency closure changes.
# Each pin is bound to the canonical Linux CPython 3.14 wheelhouse by its SHA-256.
# Installation receipts additionally record the manifest and full sorted artifact-set digest used for the concrete build.
annotated-types==0.8.0 --hash=sha256:f072f4d804ea359e4eaf198b1af7a8b0943881a87f31bb764f8bf219bb9419e0
anyio==4.14.2 --hash=sha256:9f505dda5ac9f0c8309b5e8bd445a8c2bf7246f3ce950121e45ea15bc41d1494
attrs==26.1.0 --hash=sha256:c647aa4a12dfbad9333ca4e71fe62ddc36f4e63b2d260a37a8b83d2f043ac309
av==18.1.0 --hash=sha256:8a032e8d8ebc73dec079364b9b4a6837638a2d106e8472314e685ffbf163e700
certifi==2026.7.22 --hash=sha256:62f22742b58a1a33014a2b6b706588a8d7e2a88ae7bd1a6ebe8c992928483775
cffi==2.1.1 --hash=sha256:b0431303acaea1089ad4b3e9ce4e6518193def1118d4073ca848635ee4ea2e96
charset-normalizer==3.5.1 --hash=sha256:15f024313246a4ed976c60f440bb8d257815513a681d212ff74fd46f7d715a90
click==8.4.2 --hash=sha256:e6f9f66136c816745b9d65817da91d61d957fb16e02e4dcd0552553c5a197b76
cryptography==50.0.0 --hash=sha256:82148ec5bddac30b51a5b3c1945075f896fa022cb93f8e4a01e9f6ee95292c5f
ctranslate2==4.8.1 --hash=sha256:e3e3aef4670a6c8dcea367401675f82b49b02c18f5837221bcd7cca90b1707a8
fastembed==0.8.0 --hash=sha256:40bee672657574a1009e35ec50030a55f2b426842cb011845379817641bbbbd0
faster-whisper==1.2.1 --hash=sha256:79a66ad50688c0b794dd501dc340a736992a6342f7f95e5811be60b5224a26a7
filelock==3.32.3 --hash=sha256:7f0ca4bcc0e181c60dbbd8aa9ab5b120ebb99e4e064e83636340056f833a1f09
flatbuffers==25.12.19 --hash=sha256:7634f50c427838bb021c2d66a3d1168e9d199b0607e6329399f04846d42e20b4
fsspec==2026.7.0 --hash=sha256:b57ddbafedfaef7018c1ecab32aa200a9d7ca26b77965f64e48b70061249d279
h11==0.16.0 --hash=sha256:63cf8bbe7522de3bf65932fda1d9c2772064ffb3dae62d55932da54b31cb6c86
hf-xet==1.6.0 --hash=sha256:d62671bb130879cef0ee4c9ebe47a14af6c66ec53e6d84dc15936e5ffdfac82f
httpcore==1.0.9 --hash=sha256:2d400746a40668fc9dec9810239072b40b4484b640a8c38fd654a024c7a1bf55
httpx==0.28.1 --hash=sha256:d909fcccc110f8c7faf814ca82a9a4d816bc5a6dbfea25d6591d6985b8ba59ad
httpx-sse==0.4.3 --hash=sha256:0ac1c9fe3c0afad2e0ebb25a934a59f4c7823b60792691f779fad2c5568830fc
huggingface_hub==1.28.0 --hash=sha256:58a8bacb03072edfc38067065e9dc24bbb34805410fcd36a1632de0b329660bb
idna==3.19 --hash=sha256:815e7be7a7806d54abb586dc943addc79e8b2ee16915059658cbeff4b1b43bf4
jsonschema==4.26.0 --hash=sha256:d489f15263b8d200f8387e64b4c3a75f06629559fb73deb8fdfb525f2dab50ce
jsonschema-specifications==2025.9.1 --hash=sha256:98802fee3a11ee76ecaca44429fda8a41bff98b00a0f2838151b113f210cc6fe
loguru==0.7.3 --hash=sha256:31a33c10c8e1e10422bfd431aeb5d351c7cf7fa671e3c4df004162264b28220c
markdown-it-py==4.2.0 --hash=sha256:9f7ebbcd14fe59494226453aed97c1070d83f8d24b6fc3a3bcf9a38092641c4a
mcp==1.29.0 --hash=sha256:f5a075bb611f23d6f4d080c6a1699fa62772eebc562ba9e66b306ddde1c755f7
mdurl==0.1.2 --hash=sha256:84008a41e51615a49fc9966191ff91509e3c40b939176e643fd50a5c2196b8f8
mmh3==5.2.1 --hash=sha256:8ff038d52ef6aa0f309feeba00c5095c9118d0abf787e8e8454d6048db2037fc
numpy==2.4.6 --hash=sha256:a2c306dea656c12c68f51f4cea133cbe78ca7435eb28c735eac1d3ebe73be6e8
onnxruntime==1.29.0 --hash=sha256:6c0c37b92f67ed68dd36221ce0403e1d9bd4f7efce724439978a2597848530e5
packaging==26.2 --hash=sha256:5fc45236b9446107ff2415ce77c807cee2862cb6fac22b8a73826d0693b0980e
pdfminer.six==20260107 --hash=sha256:366585ba97e80dffa8f00cebe303d2f381884d8637af4ce422f1df3ef38111a9
pillow==12.3.0 --hash=sha256:251bf95b67017e27b13d82f5b326234ca62d70f9cf4c2b9032de2358a3b12c7b
pip==26.2.1 --hash=sha256:71138adf1f4ca900cdb7d289c21b7494329f2332b6d85f0e1c42108c0384ed3e
protobuf==7.35.1 --hash=sha256:74758715c53d7158fb76caf4f0cfdacc5329a4b1bb994f865d6cf302d413a1c4
py_rust_stemmers==0.1.8 --hash=sha256:451ee1c02a3f5cf1e161b46ba9032cdda4ba10a8b03ff9ee61c1d34d42a0bc81
pycparser==3.0 --hash=sha256:b727414169a36b7d524c1c3e31839a521725078d7b2ff038656844266160a992
pydantic==2.13.4 --hash=sha256:45a282cde31d808236fd7ea9d919b128653c8b38b393d1c4ab335c62924d9aba
pydantic_core==2.46.4 --hash=sha256:7a5f930472650a82629163023e630d160863fce524c616f4e5186e5de9d9a49b
pydantic-settings==2.15.0 --hash=sha256:0ba092c291c94baceb5eff768aa0d56400a457585bc0175925a5a5510303da42
Pygments==2.21.0 --hash=sha256:2363c69b61c4a97c838da3b130dcd6468f4848992b21a82f2a63ec34377137d9
PyJWT==2.13.0 --hash=sha256:66adcc2aff09b3f1bbd95fc1e1577df8ac8723c978552fd43304c8a290ac5728
PyMuPDF==1.27.2.3 --hash=sha256:857842b4888827bd6155a1131341b2822a7ebe9a8c15a975fd7d490d7a64a30c
PySide6==6.11.1 --hash=sha256:b1fc521ba2bb5109425ab8add06bddbdd524abcad06cfa012cc39a22a189feb2
PySide6_Addons==6.11.1 --hash=sha256:8e6c65fbd73a512d6f72cda8d8277444a85a34dc99dd1dae9c21d35b8671bb1f
PySide6_Essentials==6.11.1 --hash=sha256:e3ef7027b41e4e55fadb56e3b3257dc8ee92154b639fe67fc4c8e05e9d976c60
pytesseract==0.3.13 --hash=sha256:7a99c6c2ac598360693d83a416e36e0b33a67638bb9d77fdcac094a3589d4b34
python-dotenv==1.2.3 --hash=sha256:904552145e8bfed22162c09dab1c2b9b54fefa7b23ba780f4f26ca0316b0f0d9
python-multipart==0.0.32 --hash=sha256:ff6d3f776f16878c894e52e107296ffc890e913c611b1a4ec6c44e2821fe2e23
PyYAML==6.0.3 --hash=sha256:c458b6d084f9b935061bc36216e8a69a7e293a2f1e68bf956dcd9e6cbcd143f5
referencing==0.37.0 --hash=sha256:381329a9f99628c9069361716891d34ad94af76e461dcb0335825aecc7692231
requests==2.34.2 --hash=sha256:2a0d60c172f83ac6ab31e4554906c0f3b3588d37b5cb939b1c061f4907e278e0
rich==15.0.0 --hash=sha256:33bd4ef74232fb73fe9279a257718407f169c09b78a87ad3d296f548e27de0bb
rpds-py==2026.6.3 --hash=sha256:dc319e5a1de4b6913aac94bf6a2f9e847371e0a140a43dd4991db1a09bc2d504
setuptools==83.0.0 --hash=sha256:29b23c360f22f414dc7336bb39178cc7bcbf6021ed2733cde173f09dba19abb3
shiboken6==6.11.1 --hash=sha256:9a8bccfafc8805254cabcfa1edfaf55cd52889f4998c91ad0d9a4433fb1bcdbe
sse-starlette==3.4.8 --hash=sha256:6e82314c786709a3cd9520f2285cf9fff90e181e598e8a357b0cf80f66afba0d
starlette==1.6.0 --hash=sha256:a86dd39d14bb45f85a3d18525215a9ef0cfd1f192ac793220e72598c90335f0c
tokenizers==0.23.1 --hash=sha256:5075b405006415ea148a992d093699c66eb01952bf59f4d5727089a98bda45a4
tqdm==4.70.0 --hash=sha256:7f585706bfddbdebf89daac705b2dfcc16890130727d3197ca62c732b4310953
typing_extensions==4.16.0 --hash=sha256:481caa481374e813c1b176ada14e97f1f67a4539ce9cfeb3f350d78d6370c2e8
typing-inspection==0.4.4 --hash=sha256:65b8397ba37ccbce054456aaccddfc91e6e3083c92824df348d96ca832f3f147
urllib3==2.7.0 --hash=sha256:9fb4c81ebbb1ce9531cce37674bbc6f1360472bc18ca9a553ede278ef7276897
uvicorn==0.52.4 --hash=sha256:f86e41a149d7d05a9969337e3946a9c171c06a5d42680896daaba624aeac8da1
