# CPython 3.13.5 GIL, Linux x86_64, glibc 2.41 target wheel resolution.
# This closure is resolved for the CPython 3.13 GIL ABI against original
# cp313/abi3 wheels.
# Install with --no-index --find-links dev-resources/offline/artifacts --require-hashes.
# Artifact origin, compatibility tags and licenses: ../provenance.json.
# Profile: build; complete transitive closure for this profile only.
build==1.5.0 --hash=sha256:13f3eecb844759ab66efec90ca17639bbf14dc06cb2fdf37a9010322d9c50a6f
packaging==26.2 --hash=sha256:5fc45236b9446107ff2415ce77c807cee2862cb6fac22b8a73826d0693b0980e
pip==26.2.1 --hash=sha256:71138adf1f4ca900cdb7d289c21b7494329f2332b6d85f0e1c42108c0384ed3e
pyproject-hooks==1.2.0 --hash=sha256:9e5c6bfa8dcc30091c74b0cf803c81fdd29d94f01992a7707bc97babb1141913
setuptools==83.0.0 --hash=sha256:29b23c360f22f414dc7336bb39178cc7bcbf6021ed2733cde173f09dba19abb3
